{
  "originHash" : "111d78d55eba5a3246c3cf946292d7044bde0bc5cdeb250dc95fff74e6b5f2ba",
  "pins" : [
    {
      "identity" : "base64",
      "kind" : "remoteSourceControl",
      "location" : "https://github.com/ekscrypto/Base64.git",
      "state" : {
        "revision" : "c7b817b2aed6f33b71a281813f4c940992cfc627",
        "version" : "1.2.2"
      }
    },
    {
      "identity" : "netshears",
      "kind" : "remoteSourceControl",
      "location" : "https://github.com/divar-ir/NetShears",
      "state" : {
        "revision" : "871692f4c99844627c02fb64fe36bb6c1271b2a8",
        "version" : "3.6.1"
      }
    },
    {
      "identity" : "swift-collections",
      "kind" : "remoteSourceControl",
      "location" : "https://github.com/apple/swift-collections.git",
      "state" : {
        "revision" : "6675bc0ff86e61436e615df6fc5174e043e57924",
        "version" : "1.4.1"
      }
    },
    {
      "identity" : "swiftlintplugins",
      "kind" : "remoteSourceControl",
      "location" : "https://github.com/SimplyDanny/SwiftLintPlugins",
      "state" : {
        "revision" : "8a4640d14777685ba8f14e832373160498fbab92",
        "version" : "0.63.2"
      }
    }
  ],
  "version" : 3
}
